{
  "name": "liana-targets",
  "version": "0.0.26",
  "lockfileVersion": 3,
  "requires": true,
  "packages": {
    "": {
      "name": "liana-targets",
      "version": "0.0.26",
      "license": "Apache-2.0",
      "dependencies": {
        "astn-runtime": "^0.1.0",
        "liana-runtime": "^0.1.0",
        "pareto-core": "^0.1.0",
        "pareto-core-dev": "^0.12.0",
        "pareto-core-shorthands": "^0.2.0",
        "pareto-filesystem-unrestricted-api": "^0.1.0",
        "pareto-fountain-pen": "^0.4.0",
        "pareto-graphviz": "^0.2.0",
        "pareto-liana": "^0.1.0",
        "pareto-lionweb": "^0.1.0",
        "pareto-static-html": "^0.1.0"
      }
    },
    "node_modules/astn-runtime": {
      "version": "0.1.4",
      "resolved": "https://registry.npmjs.org/astn-runtime/-/astn-runtime-0.1.4.tgz",
      "integrity": "sha512-7cTM+A3J49/UQSx1wHlArvQJR+VJOcQpRuDNNWE6ESiCfvy21lWAdj9Q9HrYODrxEDOAu+V2oRZFrALL0+yMnw==",
      "license": "Apache-2.0",
      "dependencies": {
        "pareto-core": "^0.1.320",
        "pareto-fountain-pen": "^0.4.0"
      }
    },
    "node_modules/liana-runtime": {
      "version": "0.1.1",
      "resolved": "https://registry.npmjs.org/liana-runtime/-/liana-runtime-0.1.1.tgz",
      "integrity": "sha512-RshnRza7b/kf5XgOI0nC7Lk4sxctBJUzG19/0VKAYB8kUzZP06u5GYIQev8BvS8J2XACAbMZcxkXOyAZGDwwgg==",
      "license": "Apache-2.0",
      "dependencies": {
        "astn-runtime": "^0.1.0",
        "pareto-core": "^0.1.0",
        "pareto-fountain-pen": "^0.4.0"
      }
    },
    "node_modules/pareto-application-api": {
      "version": "0.1.9",
      "resolved": "https://registry.npmjs.org/pareto-application-api/-/pareto-application-api-0.1.9.tgz",
      "integrity": "sha512-RP6luiJ1wIgfymy42oC91lMYlPZ90j2wlDjfBMYnF5Ttkxc7ppI0qtEozYSQvB2FA6d3FEudum2EOF+feECQQQ==",
      "license": "Apache-2.0",
      "dependencies": {
        "pareto-core": "^0.1.0"
      }
    },
    "node_modules/pareto-core": {
      "version": "0.1.326",
      "resolved": "https://registry.npmjs.org/pareto-core/-/pareto-core-0.1.326.tgz",
      "integrity": "sha512-JzPrIzOrIUV1AT8yNsT++DmK9pMkBTqayDdmUD8duZS744jw/CUIojbx/OgkSMiBKJHX3HaK0NPoRq+nIvVGfQ==",
      "license": "Apache-2.0"
    },
    "node_modules/pareto-core-dev": {
      "version": "0.12.25",
      "resolved": "https://registry.npmjs.org/pareto-core-dev/-/pareto-core-dev-0.12.25.tgz",
      "integrity": "sha512-uHoN4nh9z1YsqkSA3vlsd6uSe1b237aXhmbRKGvX/gAd/s058/8Vb58526mqs9vWgaiF7u5JoPbFEYCbV1zFhw==",
      "license": "Apache-2.0",
      "dependencies": {
        "pareto-core": "^0.1.0"
      }
    },
    "node_modules/pareto-core-shorthands": {
      "version": "0.2.62",
      "resolved": "https://registry.npmjs.org/pareto-core-shorthands/-/pareto-core-shorthands-0.2.62.tgz",
      "integrity": "sha512-/SJvh+7MYb3XXZOwnO6OrdeSYQwRzT8iyeWGBReOqYZSr70OFQswA+IJdhE9imNtVn0oG5SuVmVLS9ZM97sbHQ==",
      "license": "Apache-2.0",
      "dependencies": {
        "pareto-core": "^0.1.0"
      }
    },
    "node_modules/pareto-filesystem-unrestricted-api": {
      "version": "0.1.39",
      "resolved": "https://registry.npmjs.org/pareto-filesystem-unrestricted-api/-/pareto-filesystem-unrestricted-api-0.1.39.tgz",
      "integrity": "sha512-cXyDR7U0QdwJWDWJMzY9bVmZsmDwLJBOxgZcfjf0HgSlvuoeK+H9FONH57SZB3nKJOoLKrU6SR8CvF5Muaet4w==",
      "license": "Apache-2.0",
      "dependencies": {
        "pareto-core": "^0.1.0",
        "pareto-fountain-pen": "^0.4.0"
      }
    },
    "node_modules/pareto-fountain-pen": {
      "version": "0.4.120",
      "resolved": "https://registry.npmjs.org/pareto-fountain-pen/-/pareto-fountain-pen-0.4.120.tgz",
      "integrity": "sha512-/v5So0xDpnUrzhUK1BZmzP9UgGQ4P2xtzrnHGbhKHYD+RTAEQKAzWiV3plFqUdRdpUSTa9JqcH+9BOM71bIE3g==",
      "license": "Apache-2.0",
      "dependencies": {
        "pareto-core": "^0.1.0",
        "pareto-core-shorthands": "^0.2.0"
      },
      "engines": {
        "node": ">=14.0.0"
      }
    },
    "node_modules/pareto-graphviz": {
      "version": "0.2.65",
      "resolved": "https://registry.npmjs.org/pareto-graphviz/-/pareto-graphviz-0.2.65.tgz",
      "integrity": "sha512-3ddZ0nKtXM6JIrtBeubt/5SyX6r5BNhEOBNgI6lCYh8uldX0ExlFXV9nAWNgmgT0nKxCEep+kIFKxsLtjIJPyg==",
      "license": "Apache-2.0",
      "dependencies": {
        "astn-runtime": "^0.1.0",
        "liana-runtime": "^0.1.0",
        "pareto-core": "^0.1.0",
        "pareto-core-shorthands": "^0.2.0",
        "pareto-fountain-pen": "^0.4.0",
        "pareto-static-html": "^0.1.0"
      },
      "engines": {
        "node": ">=14.0.0"
      }
    },
    "node_modules/pareto-json": {
      "version": "0.3.108",
      "resolved": "https://registry.npmjs.org/pareto-json/-/pareto-json-0.3.108.tgz",
      "integrity": "sha512-F1L99cvqr/9Vm7nVRQ9MvF1ode4vlzkjfTJjN30uoHobIUUERjvQ7GKo+GQXTpW7dGpON2ueQlbNDu6aO4hp1g==",
      "license": "Apache-2.0",
      "dependencies": {
        "astn-runtime": "^0.1.0",
        "pareto-core": "^0.1.0",
        "pareto-core-shorthands": "^0.2.0",
        "pareto-fountain-pen": "^0.4.0"
      },
      "engines": {
        "node": ">=14.0.0"
      }
    },
    "node_modules/pareto-liana": {
      "version": "0.1.81",
      "resolved": "https://registry.npmjs.org/pareto-liana/-/pareto-liana-0.1.81.tgz",
      "integrity": "sha512-ej7Ivi1pNQWnZjt79SauIvoSIvcd6GbNSNH1CkjUkNS9azuJv4lFtaE6vcGr3cpcwZQRa0hKVfnSLqn7BK2GYg==",
      "license": "Apache-2.0",
      "dependencies": {
        "liana-runtime": "^0.1.0",
        "pareto-application-api": "^0.1.0",
        "pareto-core": "^0.1.0",
        "pareto-core-dev": "^0.12.0",
        "pareto-core-shorthands": "^0.2.0",
        "pareto-filesystem-unrestricted-api": "^0.1.0",
        "pareto-fountain-pen": "^0.4.0",
        "pareto-stream-api": "^0.1.0"
      }
    },
    "node_modules/pareto-lionweb": {
      "version": "0.1.52",
      "resolved": "https://registry.npmjs.org/pareto-lionweb/-/pareto-lionweb-0.1.52.tgz",
      "integrity": "sha512-XsIj4itCxniAzY2KxDqs50shZ8Q4Ag0sHvgxJ1+jKgNmK7sIhYjBgZKVP/DbOhqj+RS0TwDOfokLQYfCBCD2Hw==",
      "license": "Apache-2.0",
      "dependencies": {
        "astn-runtime": "^0.1.0",
        "liana-runtime": "^0.1.0",
        "pareto-application-api": "^0.1.0",
        "pareto-core": "^0.1.0",
        "pareto-core-dev": "^0.12.0",
        "pareto-filesystem-unrestricted-api": "^0.1.0",
        "pareto-fountain-pen": "^0.4.0",
        "pareto-graphviz": "^0.2.0",
        "pareto-json": "^0.3.0",
        "pareto-stream-api": "^0.1.0"
      },
      "engines": {
        "node": ">=14.0.0"
      }
    },
    "node_modules/pareto-static-html": {
      "version": "0.1.72",
      "resolved": "https://registry.npmjs.org/pareto-static-html/-/pareto-static-html-0.1.72.tgz",
      "integrity": "sha512-6kq/SaNy717PCXDYk4yi9g/jdogIYzykptnqO5GSq/dTxFOAZKSub/guogVNZXrXHWWB9QXlytQUHcUl9s/OXA==",
      "license": "Apache-2.0",
      "dependencies": {
        "astn-runtime": "^0.1.0",
        "liana-runtime": "^0.1.0",
        "pareto-core": "^0.1.0",
        "pareto-core-shorthands": "^0.2.0",
        "pareto-fountain-pen": "^0.4.0"
      }
    },
    "node_modules/pareto-stream-api": {
      "version": "0.1.41",
      "resolved": "https://registry.npmjs.org/pareto-stream-api/-/pareto-stream-api-0.1.41.tgz",
      "integrity": "sha512-NU0QAMU5ISCQws3Syzem0ZT6t4nJEpzwjoxai9S2v9vjpqlKqZL9PqE5nX7FhPu0qZiCIlorqiLYO2o8t9wpUw==",
      "license": "Apache-2.0",
      "dependencies": {
        "pareto-core": "^0.1.0",
        "pareto-fountain-pen": "^0.4.0"
      }
    }
  }
}
